{
  "nodes": {
    "flake-utils": {
      "locked": {
        "lastModified": 1659877975,
        "narHash": "sha256-zllb8aq3YO3h8B/U0/J1WBgAL8EX5yWf5pMj3G0NAmc=",
        "owner": "numtide",
        "repo": "flake-utils",
        "rev": "c0e246b9b83f637f4681389ecabcb2681b4f3af0",
        "type": "github"
      },
      "original": {
        "owner": "numtide",
        "repo": "flake-utils",
        "type": "github"
      }
    },
    "nixpkgs": {
      "locked": {
        "lastModified": 1725359078,
        "narHash": "sha256-T93wwClUGGS0ucRhC4IJLPbQovGt43JckQ8/0aTl1/s=",
        "owner": "nixos",
        "repo": "nixpkgs",
        "rev": "a707b5d68de9cb877c3e345d2bc51e198bdd2c13",
        "type": "github"
      },
      "original": {
        "owner": "nixos",
        "ref": "nixos-24.05-small",
        "repo": "nixpkgs",
        "type": "github"
      }
    },
    "nixpkgs-unstable": {
      "locked": {
        "lastModified": 1686587353,
        "narHash": "sha256-LW8lIsKj+Y9jM25p15kdokqBHK+R7YpA/FmV2x379D8=",
        "owner": "nixos",
        "repo": "nixpkgs",
        "rev": "3463e24e1d1df4d9f47c6e74e62864f915010db2",
        "type": "github"
      },
      "original": {
        "owner": "nixos",
        "ref": "nixos-unstable-small",
        "repo": "nixpkgs",
        "type": "github"
      }
    },
    "root": {
      "inputs": {
        "flake-utils": "flake-utils",
        "nixpkgs": "nixpkgs",
        "nixpkgs-unstable": "nixpkgs-unstable"
      }
    }
  },
  "root": "root",
  "version": 7
}
